
Microsoft Visual Studio Solution File, Format Version 12.00
# Visual Studio 15
VisualStudioVersion = 15.0.26730.16
MinimumVisualStudioVersion = 10.0.40219.1
Project("{2150E333-8FDC-42A3-9474-1A3956D46DE8}") = "src", "src", "{BE9A54A0-F80F-43A7-90F4-98A147169F9B}"
EndProject
Project("{2150E333-8FDC-42A3-9474-1A3956D46DE8}") = "samples", "samples", "{D57E2975-0E47-4153-B3ED-3C4D0252EB22}"
EndProject
Project("{2150E333-8FDC-42A3-9474-1A3956D46DE8}") = "tests", "tests", "{9B03B35A-F57E-4BCB-9990-36FB6D1E8787}"
EndProject
Project("{9A19103F-16F7-4668-BE54-9A1E7A4F7556}") = "ColorBlender", "src\ColorBlender\ColorBlender.csproj", "{B52C44BA-D099-42E8-94A7-5234E08480FD}"
EndProject
Project("{9A19103F-16F7-4668-BE54-9A1E7A4F7556}") = "ColorBlenderAvalonia", "samples\ColorBlenderAvalonia\ColorBlenderAvalonia.csproj", "{D6EC3C00-F0B9-4531-9563-3487B7ED3512}"
EndProject
Project("{9A19103F-16F7-4668-BE54-9A1E7A4F7556}") = "ColorBlender.UnitTests", "tests\ColorBlender.UnitTests\ColorBlender.UnitTests.csproj", "{81B01D79-7142-4C77-84FC-26FAACC0D308}"
EndProject
Project("{9A19103F-16F7-4668-BE54-9A1E7A4F7556}") = "Avalonia.Controls.ColorBlender", "src\Avalonia.Controls.ColorBlender\Avalonia.Controls.ColorBlender.csproj", "{7EF0D71E-080B-489D-A56B-1C219386EE0A}"
EndProject
Project("{2150E333-8FDC-42A3-9474-1A3956D46DE8}") = "build", "build", "{C912A930-AFF7-441F-ACDE-66F073A8BA9D}"
	ProjectSection(SolutionItems) = preProject
		.editorconfig = .editorconfig
	EndProjectSection
EndProject
Project("{2150E333-8FDC-42A3-9474-1A3956D46DE8}") = "git", "git", "{53EC0C5C-8300-4040-A8AC-F6A4B1A55529}"
	ProjectSection(SolutionItems) = preProject
		.gitattributes = .gitattributes
		.gitignore = .gitignore
	EndProjectSection
EndProject
Project("{2150E333-8FDC-42A3-9474-1A3956D46DE8}") = "nuget", "nuget", "{6F4F7170-82A1-4C01-A681-7F12ACE72652}"
	ProjectSection(SolutionItems) = preProject
		NuGet.Config = NuGet.Config
	EndProjectSection
EndProject
Project("{2150E333-8FDC-42A3-9474-1A3956D46DE8}") = "props", "props", "{F71DD6BF-C572-4222-82E2-0F0C68F8AA90}"
	ProjectSection(SolutionItems) = preProject
		build\Avalonia.Desktop.props = build\Avalonia.Desktop.props
		build\Avalonia.props = build\Avalonia.props
		build\XUnit.props = build\XUnit.props
		build\ReferenceAssemblies.props = build\ReferenceAssemblies.props
		build\Avalonia.Diagnostics.props = build\Avalonia.Diagnostics.props
		build\Avalonia.Themes.Fluent.props = build\Avalonia.Themes.Fluent.props
	EndProjectSection
EndProject
Project("{2150E333-8FDC-42A3-9474-1A3956D46DE8}") = "docs", "docs", "{863AFEF2-1CF9-4110-A5BA-CD4AF02E114B}"
	ProjectSection(SolutionItems) = preProject
		LICENSE.TXT = LICENSE.TXT
		README.md = README.md
	EndProjectSection
EndProject
Project("{9A19103F-16F7-4668-BE54-9A1E7A4F7556}") = "ColorBlender.Colors", "src\ColorBlender.Colors\ColorBlender.Colors.csproj", "{225BA82D-B228-44D0-B8BA-2C5462394F2C}"
EndProject
Project("{9A19103F-16F7-4668-BE54-9A1E7A4F7556}") = "ColorBlender.Colors.UnitTests", "tests\ColorBlender.Colors.UnitTests\ColorBlender.Colors.UnitTests.csproj", "{D254970B-260B-4A2D-8FB3-8436CADB8A11}"
EndProject
Global
	GlobalSection(SolutionConfigurationPlatforms) = preSolution
		Debug|Any CPU = Debug|Any CPU
		Release|Any CPU = Release|Any CPU
	EndGlobalSection
	GlobalSection(ProjectConfigurationPlatforms) = postSolution
		{B52C44BA-D099-42E8-94A7-5234E08480FD}.Debug|Any CPU.ActiveCfg = Debug|Any CPU
		{B52C44BA-D099-42E8-94A7-5234E08480FD}.Debug|Any CPU.Build.0 = Debug|Any CPU
		{B52C44BA-D099-42E8-94A7-5234E08480FD}.Release|Any CPU.ActiveCfg = Release|Any CPU
		{B52C44BA-D099-42E8-94A7-5234E08480FD}.Release|Any CPU.Build.0 = Release|Any CPU
		{D6EC3C00-F0B9-4531-9563-3487B7ED3512}.Debug|Any CPU.ActiveCfg = Debug|Any CPU
		{D6EC3C00-F0B9-4531-9563-3487B7ED3512}.Debug|Any CPU.Build.0 = Debug|Any CPU
		{D6EC3C00-F0B9-4531-9563-3487B7ED3512}.Release|Any CPU.ActiveCfg = Release|Any CPU
		{D6EC3C00-F0B9-4531-9563-3487B7ED3512}.Release|Any CPU.Build.0 = Release|Any CPU
		{81B01D79-7142-4C77-84FC-26FAACC0D308}.Debug|Any CPU.ActiveCfg = Debug|Any CPU
		{81B01D79-7142-4C77-84FC-26FAACC0D308}.Debug|Any CPU.Build.0 = Debug|Any CPU
		{81B01D79-7142-4C77-84FC-26FAACC0D308}.Release|Any CPU.ActiveCfg = Release|Any CPU
		{81B01D79-7142-4C77-84FC-26FAACC0D308}.Release|Any CPU.Build.0 = Release|Any CPU
		{7EF0D71E-080B-489D-A56B-1C219386EE0A}.Debug|Any CPU.ActiveCfg = Debug|Any CPU
		{7EF0D71E-080B-489D-A56B-1C219386EE0A}.Debug|Any CPU.Build.0 = Debug|Any CPU
		{7EF0D71E-080B-489D-A56B-1C219386EE0A}.Release|Any CPU.ActiveCfg = Release|Any CPU
		{7EF0D71E-080B-489D-A56B-1C219386EE0A}.Release|Any CPU.Build.0 = Release|Any CPU
		{225BA82D-B228-44D0-B8BA-2C5462394F2C}.Debug|Any CPU.ActiveCfg = Debug|Any CPU
		{225BA82D-B228-44D0-B8BA-2C5462394F2C}.Debug|Any CPU.Build.0 = Debug|Any CPU
		{225BA82D-B228-44D0-B8BA-2C5462394F2C}.Release|Any CPU.ActiveCfg = Release|Any CPU
		{225BA82D-B228-44D0-B8BA-2C5462394F2C}.Release|Any CPU.Build.0 = Release|Any CPU
		{D254970B-260B-4A2D-8FB3-8436CADB8A11}.Debug|Any CPU.ActiveCfg = Debug|Any CPU
		{D254970B-260B-4A2D-8FB3-8436CADB8A11}.Debug|Any CPU.Build.0 = Debug|Any CPU
		{D254970B-260B-4A2D-8FB3-8436CADB8A11}.Release|Any CPU.ActiveCfg = Release|Any CPU
		{D254970B-260B-4A2D-8FB3-8436CADB8A11}.Release|Any CPU.Build.0 = Release|Any CPU
	EndGlobalSection
	GlobalSection(SolutionProperties) = preSolution
		HideSolutionNode = FALSE
	EndGlobalSection
	GlobalSection(NestedProjects) = preSolution
		{B52C44BA-D099-42E8-94A7-5234E08480FD} = {BE9A54A0-F80F-43A7-90F4-98A147169F9B}
		{D6EC3C00-F0B9-4531-9563-3487B7ED3512} = {D57E2975-0E47-4153-B3ED-3C4D0252EB22}
		{81B01D79-7142-4C77-84FC-26FAACC0D308} = {9B03B35A-F57E-4BCB-9990-36FB6D1E8787}
		{7EF0D71E-080B-489D-A56B-1C219386EE0A} = {BE9A54A0-F80F-43A7-90F4-98A147169F9B}
		{53EC0C5C-8300-4040-A8AC-F6A4B1A55529} = {C912A930-AFF7-441F-ACDE-66F073A8BA9D}
		{6F4F7170-82A1-4C01-A681-7F12ACE72652} = {C912A930-AFF7-441F-ACDE-66F073A8BA9D}
		{F71DD6BF-C572-4222-82E2-0F0C68F8AA90} = {C912A930-AFF7-441F-ACDE-66F073A8BA9D}
		{863AFEF2-1CF9-4110-A5BA-CD4AF02E114B} = {C912A930-AFF7-441F-ACDE-66F073A8BA9D}
		{225BA82D-B228-44D0-B8BA-2C5462394F2C} = {BE9A54A0-F80F-43A7-90F4-98A147169F9B}
		{D254970B-260B-4A2D-8FB3-8436CADB8A11} = {9B03B35A-F57E-4BCB-9990-36FB6D1E8787}
	EndGlobalSection
	GlobalSection(ExtensibilityGlobals) = postSolution
		SolutionGuid = {5C5DD029-8617-4D20-829C-DA0F7E582C6E}
	EndGlobalSection
EndGlobal
